// !$*UTF8*$!
{
	archiveVersion = 1;
	classes = {
	};
	objectVersion = 46;
	objects = {

/* Begin PBXFileReference section */
		9F1FAD501B7B93FA0036AD81 /* PKG-INFO */ = {isa = PBXFileReference; fileEncoding = 4; lastKnownFileType = text; path = "PKG-INFO"; sourceTree = "<group>"; };
		9F1FAD511B7B93FA0036AD81 /* setup.cfg */ = {isa = PBXFileReference; fileEncoding = 4; lastKnownFileType = text; path = setup.cfg; sourceTree = "<group>"; };
		9F1FAD521B7B93FA0036AD81 /* setup.py */ = {isa = PBXFileReference; fileEncoding = 4; lastKnownFileType = text.script.python; path = setup.py; sourceTree = "<group>"; };
		9F1FAD6C1B7B9AA10036AD81 /* BAMqc */ = {isa = PBXFileReference; fileEncoding = 4; lastKnownFileType = text; path = BAMqc; sourceTree = "<group>"; xcLanguageSpecificationIdentifier = xcode.lang.python; };
		9F1FAD701B7BC9F90036AD81 /* GeneFeatures.py */ = {isa = PBXFileReference; fileEncoding = 4; lastKnownFileType = text.script.python; path = GeneFeatures.py; sourceTree = "<group>"; };
		9F1FAD711B7BCA190036AD81 /* IntervalTree.py */ = {isa = PBXFileReference; fileEncoding = 4; lastKnownFileType = text.script.python; path = IntervalTree.py; sourceTree = "<group>"; };
		9F1FAD741B7BCCB90036AD81 /* rRNA.py */ = {isa = PBXFileReference; fileEncoding = 4; lastKnownFileType = text.script.python; path = rRNA.py; sourceTree = "<group>"; };
		9F30E0251B8263B4006B3EBC /* parseBAM.py */ = {isa = PBXFileReference; fileEncoding = 4; lastKnownFileType = text.script.python; path = parseBAM.py; sourceTree = "<group>"; };
		9F30E0261B8269C2006B3EBC /* __init__.py */ = {isa = PBXFileReference; fileEncoding = 4; lastKnownFileType = text.script.python; path = __init__.py; sourceTree = "<group>"; };
		9F30E0281B8269E1006B3EBC /* Results.py */ = {isa = PBXFileReference; fileEncoding = 4; lastKnownFileType = text.script.python; path = Results.py; sourceTree = "<group>"; };
		9F30E02B1B826F38006B3EBC /* Mappability.py */ = {isa = PBXFileReference; fileEncoding = 4; lastKnownFileType = text.script.python; path = Mappability.py; sourceTree = "<group>"; };
		9F30E02C1B827243006B3EBC /* Coverage_prof.py */ = {isa = PBXFileReference; fileEncoding = 4; lastKnownFileType = text.script.python; path = Coverage_prof.py; sourceTree = "<group>"; };
		9F30E02D1B82740A006B3EBC /* ReadDup_prof.py */ = {isa = PBXFileReference; fileEncoding = 4; lastKnownFileType = text.script.python; path = ReadDup_prof.py; sourceTree = "<group>"; };
		9F30E02E1B827488006B3EBC /* InerDist_prof.py */ = {isa = PBXFileReference; fileEncoding = 4; lastKnownFileType = text.script.python; path = InerDist_prof.py; sourceTree = "<group>"; };
		9F30E02F1B877F80006B3EBC /* CONTACTS */ = {isa = PBXFileReference; fileEncoding = 4; lastKnownFileType = text; path = CONTACTS; sourceTree = "<group>"; };
		9F30E0301B877F87006B3EBC /* COPYING */ = {isa = PBXFileReference; fileEncoding = 4; lastKnownFileType = text; path = COPYING; sourceTree = "<group>"; };
		9F30E0311B877F8E006B3EBC /* INSTALL */ = {isa = PBXFileReference; fileEncoding = 4; lastKnownFileType = text; path = INSTALL; sourceTree = "<group>"; };
		9F30E0321B877F97006B3EBC /* Manual */ = {isa = PBXFileReference; fileEncoding = 4; lastKnownFileType = text; path = Manual; sourceTree = "<group>"; };
		9F30E0331B877FA7006B3EBC /* THANKS */ = {isa = PBXFileReference; fileEncoding = 4; lastKnownFileType = text; path = THANKS; sourceTree = "<group>"; };
		9F30E0341B8CB46E006B3EBC /* BAMqc_mp */ = {isa = PBXFileReference; fileEncoding = 4; lastKnownFileType = text; path = BAMqc_mp; sourceTree = "<group>"; xcLanguageSpecificationIdentifier = xcode.lang.python; };
		9F30E0351B8F64E1006B3EBC /* BAMqc_mt */ = {isa = PBXFileReference; fileEncoding = 4; lastKnownFileType = text; path = BAMqc_mt; sourceTree = "<group>"; };
/* End PBXFileReference section */

/* Begin PBXGroup section */
		9F1FA9831B7B93720036AD81 = {
			isa = PBXGroup;
			children = (
				9F30E0331B877FA7006B3EBC /* THANKS */,
				9F30E0321B877F97006B3EBC /* Manual */,
				9F30E0311B877F8E006B3EBC /* INSTALL */,
				9F30E0301B877F87006B3EBC /* COPYING */,
				9F30E02F1B877F80006B3EBC /* CONTACTS */,
				9F1FAD6F1B7BBB060036AD81 /* libBAMQC */,
				9F1FAD6C1B7B9AA10036AD81 /* BAMqc */,
				9F30E0341B8CB46E006B3EBC /* BAMqc_mp */,
				9F30E0351B8F64E1006B3EBC /* BAMqc_mt */,
				9F1FAD501B7B93FA0036AD81 /* PKG-INFO */,
				9F1FAD511B7B93FA0036AD81 /* setup.cfg */,
				9F1FAD521B7B93FA0036AD81 /* setup.py */,
			);
			sourceTree = "<group>";
		};
		9F1FAD6F1B7BBB060036AD81 /* libBAMQC */ = {
			isa = PBXGroup;
			children = (
				9F30E02E1B827488006B3EBC /* InerDist_prof.py */,
				9F30E02D1B82740A006B3EBC /* ReadDup_prof.py */,
				9F30E02C1B827243006B3EBC /* Coverage_prof.py */,
				9F30E0281B8269E1006B3EBC /* Results.py */,
				9F30E0251B8263B4006B3EBC /* parseBAM.py */,
				9F1FAD741B7BCCB90036AD81 /* rRNA.py */,
				9F1FAD711B7BCA190036AD81 /* IntervalTree.py */,
				9F1FAD701B7BC9F90036AD81 /* GeneFeatures.py */,
				9F30E0261B8269C2006B3EBC /* __init__.py */,
				9F30E02B1B826F38006B3EBC /* Mappability.py */,
			);
			path = libBAMQC;
			sourceTree = "<group>";
		};
/* End PBXGroup section */

/* Begin PBXLegacyTarget section */
		9F1FA9881B7B93720036AD81 /* BAMQC-0.5 */ = {
			isa = PBXLegacyTarget;
			buildArgumentsString = "$(ACTION)";
			buildConfigurationList = 9F1FA98B1B7B93720036AD81 /* Build configuration list for PBXLegacyTarget "BAMQC-0.5" */;
			buildPhases = (
			);
			buildToolPath = /usr/bin/python;
			dependencies = (
			);
			name = "BAMQC-0.5";
			passBuildSettingsInEnvironment = 1;
			productName = "BAMQC-0.5";
		};
/* End PBXLegacyTarget section */

/* Begin PBXProject section */
		9F1FA9841B7B93720036AD81 /* Project object */ = {
			isa = PBXProject;
			attributes = {
				LastUpgradeCheck = 0610;
				ORGANIZATIONNAME = "Ying Jin";
				TargetAttributes = {
					9F1FA9881B7B93720036AD81 = {
						CreatedOnToolsVersion = 6.1.1;
					};
				};
			};
			buildConfigurationList = 9F1FA9871B7B93720036AD81 /* Build configuration list for PBXProject "BAMQC-0.5" */;
			compatibilityVersion = "Xcode 3.2";
			developmentRegion = English;
			hasScannedForEncodings = 0;
			knownRegions = (
				en,
			);
			mainGroup = 9F1FA9831B7B93720036AD81;
			projectDirPath = "";
			projectRoot = "";
			targets = (
				9F1FA9881B7B93720036AD81 /* BAMQC-0.5 */,
			);
		};
/* End PBXProject section */

/* Begin XCBuildConfiguration section */
		9F1FA9891B7B93720036AD81 /* Debug */ = {
			isa = XCBuildConfiguration;
			buildSettings = {
				ALWAYS_SEARCH_USER_PATHS = NO;
				CLANG_CXX_LANGUAGE_STANDARD = "gnu++0x";
				CLANG_CXX_LIBRARY = "libc++";
				CLANG_ENABLE_MODULES = YES;
				CLANG_ENABLE_OBJC_ARC = YES;
				CLANG_WARN_BOOL_CONVERSION = YES;
				CLANG_WARN_CONSTANT_CONVERSION = YES;
				CLANG_WARN_DIRECT_OBJC_ISA_USAGE = YES_ERROR;
				CLANG_WARN_EMPTY_BODY = YES;
				CLANG_WARN_ENUM_CONVERSION = YES;
				CLANG_WARN_INT_CONVERSION = YES;
				CLANG_WARN_OBJC_ROOT_CLASS = YES_ERROR;
				CLANG_WARN_UNREACHABLE_CODE = YES;
				CLANG_WARN__DUPLICATE_METHOD_MATCH = YES;
				COPY_PHASE_STRIP = NO;
				ENABLE_STRICT_OBJC_MSGSEND = YES;
				GCC_C_LANGUAGE_STANDARD = gnu99;
				GCC_DYNAMIC_NO_PIC = NO;
				GCC_OPTIMIZATION_LEVEL = 0;
				GCC_PREPROCESSOR_DEFINITIONS = (
					"DEBUG=1",
					"$(inherited)",
				);
				GCC_SYMBOLS_PRIVATE_EXTERN = NO;
				GCC_WARN_64_TO_32_BIT_CONVERSION = YES;
				GCC_WARN_ABOUT_RETURN_TYPE = YES_ERROR;
				GCC_WARN_UNDECLARED_SELECTOR = YES;
				GCC_WARN_UNINITIALIZED_AUTOS = YES_AGGRESSIVE;
				GCC_WARN_UNUSED_FUNCTION = YES;
				GCC_WARN_UNUSED_VARIABLE = YES;
				MACOSX_DEPLOYMENT_TARGET = 10.10;
				MTL_ENABLE_DEBUG_INFO = YES;
				ONLY_ACTIVE_ARCH = YES;
				SDKROOT = macosx;
			};
			name = Debug;
		};
		9F1FA98A1B7B93720036AD81 /* Release */ = {
			isa = XCBuildConfiguration;
			buildSettings = {
				ALWAYS_SEARCH_USER_PATHS = NO;
				CLANG_CXX_LANGUAGE_STANDARD = "gnu++0x";
				CLANG_CXX_LIBRARY = "libc++";
				CLANG_ENABLE_MODULES = YES;
				CLANG_ENABLE_OBJC_ARC = YES;
				CLANG_WARN_BOOL_CONVERSION = YES;
				CLANG_WARN_CONSTANT_CONVERSION = YES;
				CLANG_WARN_DIRECT_OBJC_ISA_USAGE = YES_ERROR;
				CLANG_WARN_EMPTY_BODY = YES;
				CLANG_WARN_ENUM_CONVERSION = YES;
				CLANG_WARN_INT_CONVERSION = YES;
				CLANG_WARN_OBJC_ROOT_CLASS = YES_ERROR;
				CLANG_WARN_UNREACHABLE_CODE = YES;
				CLANG_WARN__DUPLICATE_METHOD_MATCH = YES;
				COPY_PHASE_STRIP = YES;
				DEBUG_INFORMATION_FORMAT = "dwarf-with-dsym";
				ENABLE_NS_ASSERTIONS = NO;
				ENABLE_STRICT_OBJC_MSGSEND = YES;
				GCC_C_LANGUAGE_STANDARD = gnu99;
				GCC_WARN_64_TO_32_BIT_CONVERSION = YES;
				GCC_WARN_ABOUT_RETURN_TYPE = YES_ERROR;
				GCC_WARN_UNDECLARED_SELECTOR = YES;
				GCC_WARN_UNINITIALIZED_AUTOS = YES_AGGRESSIVE;
				GCC_WARN_UNUSED_FUNCTION = YES;
				GCC_WARN_UNUSED_VARIABLE = YES;
				MACOSX_DEPLOYMENT_TARGET = 10.10;
				MTL_ENABLE_DEBUG_INFO = NO;
				SDKROOT = macosx;
			};
			name = Release;
		};
		9F1FA98C1B7B93720036AD81 /* Debug */ = {
			isa = XCBuildConfiguration;
			buildSettings = {
				DEBUGGING_SYMBOLS = YES;
				GCC_GENERATE_DEBUGGING_SYMBOLS = YES;
				GCC_OPTIMIZATION_LEVEL = 0;
				OTHER_CFLAGS = "";
				OTHER_LDFLAGS = "";
				PRODUCT_NAME = "$(TARGET_NAME)";
			};
			name = Debug;
		};
		9F1FA98D1B7B93720036AD81 /* Release */ = {
			isa = XCBuildConfiguration;
			buildSettings = {
				OTHER_CFLAGS = "";
				OTHER_LDFLAGS = "";
				PRODUCT_NAME = "$(TARGET_NAME)";
			};
			name = Release;
		};
/* End XCBuildConfiguration section */

/* Begin XCConfigurationList section */
		9F1FA9871B7B93720036AD81 /* Build configuration list for PBXProject "BAMQC-0.5" */ = {
			isa = XCConfigurationList;
			buildConfigurations = (
				9F1FA9891B7B93720036AD81 /* Debug */,
				9F1FA98A1B7B93720036AD81 /* Release */,
			);
			defaultConfigurationIsVisible = 0;
			defaultConfigurationName = Release;
		};
		9F1FA98B1B7B93720036AD81 /* Build configuration list for PBXLegacyTarget "BAMQC-0.5" */ = {
			isa = XCConfigurationList;
			buildConfigurations = (
				9F1FA98C1B7B93720036AD81 /* Debug */,
				9F1FA98D1B7B93720036AD81 /* Release */,
			);
			defaultConfigurationIsVisible = 0;
			defaultConfigurationName = Release;
		};
/* End XCConfigurationList section */
	};
	rootObject = 9F1FA9841B7B93720036AD81 /* Project object */;
}
